<Solution>
  <Folder Name="/src/">
    <Project Path="src/EngineeringPerformance.Application/EngineeringPerformance.Application.csproj" />
    <Project Path="src/EngineeringPerformance.DesktopHost/EngineeringPerformance.DesktopHost.csproj" />
    <Project Path="src/EngineeringPerformance.Domain/EngineeringPerformance.Domain.csproj" />
    <Project Path="src/EngineeringPerformance.Infrastructure/EngineeringPerformance.Infrastructure.csproj" />
    <Project Path="src/EngineeringPerformance.UI/EngineeringPerformance.UI.csproj" />
  </Folder>
  <Folder Name="/tests/">
    <Project Path="tests/EngineeringPerformance.Domain.Tests/EngineeringPerformance.Domain.Tests.csproj" />
    <Project Path="tests/EngineeringPerformance.Infrastructure.Tests/EngineeringPerformance.Infrastructure.Tests.csproj" />
  </Folder>
</Solution>
